
Microsoft Visual Studio Solution File, Format Version 12.00
# Visual Studio Version 17
VisualStudioVersion = 17.12.35527.113
MinimumVisualStudioVersion = 10.0.40219.1
Project("{FAE04EC0-301F-11D3-BF4B-00C04F79EFBC}") = "DashboardReportApp", "DashboardReportApp\DashboardReportApp.csproj", "{BE73B4B5-0342-4E98-95C5-5DAC3CFB66A6}"
EndProject
Project("{2150E333-8FDC-42A3-9474-1A3956D46DE8}") = "Solution Items", "Solution Items", "{13B8CD3A-F472-4B1C-8AA4-25255A70B635}"
EndProject
Global
	GlobalSection(SolutionConfigurationPlatforms) = preSolution
		Debug|Any CPU = Debug|Any CPU
		Release|Any CPU = Release|Any CPU
	EndGlobalSection
	GlobalSection(ProjectConfigurationPlatforms) = postSolution
		{BE73B4B5-0342-4E98-95C5-5DAC3CFB66A6}.Debug|Any CPU.ActiveCfg = Debug|Any CPU
		{BE73B4B5-0342-4E98-95C5-5DAC3CFB66A6}.Debug|Any CPU.Build.0 = Debug|Any CPU
		{BE73B4B5-0342-4E98-95C5-5DAC3CFB66A6}.Release|Any CPU.ActiveCfg = Release|Any CPU
		{BE73B4B5-0342-4E98-95C5-5DAC3CFB66A6}.Release|Any CPU.Build.0 = Release|Any CPU
	EndGlobalSection
	GlobalSection(SolutionProperties) = preSolution
		HideSolutionNode = FALSE
	EndGlobalSection
EndGlobal
